
Microsoft Visual Studio Solution File, Format Version 12.00
# Visual Studio Version 17
VisualStudioVersion = 17.9.34607.119
MinimumVisualStudioVersion = 10.0.40219.1
Project("{FAE04EC0-301F-11D3-BF4B-00C04F79EFBC}") = "NetworkTrafficMonitor", "NetworkTrafficMonitor\NetworkTrafficMonitor.csproj", "{F8B0F1CF-E35E-4B87-892C-2617999BB491}"
EndProject
Global
	GlobalSection(SolutionConfigurationPlatforms) = preSolution
		Debug|Any CPU = Debug|Any CPU
		Release|Any CPU = Release|Any CPU
	EndGlobalSection
	GlobalSection(ProjectConfigurationPlatforms) = postSolution
		{F8B0F1CF-E35E-4B87-892C-2617999BB491}.Debug|Any CPU.ActiveCfg = Debug|Any CPU
		{F8B0F1CF-E35E-4B87-892C-2617999BB491}.Debug|Any CPU.Build.0 = Debug|Any CPU
		{F8B0F1CF-E35E-4B87-892C-2617999BB491}.Release|Any CPU.ActiveCfg = Release|Any CPU
		{F8B0F1CF-E35E-4B87-892C-2617999BB491}.Release|Any CPU.Build.0 = Release|Any CPU
	EndGlobalSection
	GlobalSection(SolutionProperties) = preSolution
		HideSolutionNode = FALSE
	EndGlobalSection
	GlobalSection(ExtensibilityGlobals) = postSolution
		SolutionGuid = {F153C87A-0E73-4FA6-8A4B-98405075DCC5}
	EndGlobalSection
EndGlobal
